
Microsoft Visual Studio Solution File, Format Version 12.00
# Visual Studio Version 16
VisualStudioVersion = 16.0.30320.27
MinimumVisualStudioVersion = 10.0.40219.1
Project("{FAE04EC0-301F-11D3-BF4B-00C04F79EFBC}") = "XUnitTest.APP", "UnitTest.APP\XUnitTest.APP.csproj", "{1AFA923B-1A4F-40F3-9CB5-5AA9799C6B41}"
EndProject
Project("{FAE04EC0-301F-11D3-BF4B-00C04F79EFBC}") = "XUnitTest.Test", "XUnitTest.Test\XUnitTest.Test.csproj", "{520ED825-6355-4B95-A8CE-631D5AEEE8D1}"
EndProject
Global
	GlobalSection(SolutionConfigurationPlatforms) = preSolution
		Debug|Any CPU = Debug|Any CPU
		Release|Any CPU = Release|Any CPU
	EndGlobalSection
	GlobalSection(ProjectConfigurationPlatforms) = postSolution
		{1AFA923B-1A4F-40F3-9CB5-5AA9799C6B41}.Debug|Any CPU.ActiveCfg = Debug|Any CPU
		{1AFA923B-1A4F-40F3-9CB5-5AA9799C6B41}.Debug|Any CPU.Build.0 = Debug|Any CPU
		{1AFA923B-1A4F-40F3-9CB5-5AA9799C6B41}.Release|Any CPU.ActiveCfg = Release|Any CPU
		{1AFA923B-1A4F-40F3-9CB5-5AA9799C6B41}.Release|Any CPU.Build.0 = Release|Any CPU
		{520ED825-6355-4B95-A8CE-631D5AEEE8D1}.Debug|Any CPU.ActiveCfg = Debug|Any CPU
		{520ED825-6355-4B95-A8CE-631D5AEEE8D1}.Debug|Any CPU.Build.0 = Debug|Any CPU
		{520ED825-6355-4B95-A8CE-631D5AEEE8D1}.Release|Any CPU.ActiveCfg = Release|Any CPU
		{520ED825-6355-4B95-A8CE-631D5AEEE8D1}.Release|Any CPU.Build.0 = Release|Any CPU
	EndGlobalSection
	GlobalSection(SolutionProperties) = preSolution
		HideSolutionNode = FALSE
	EndGlobalSection
	GlobalSection(ExtensibilityGlobals) = postSolution
		SolutionGuid = {F25DB622-D15F-4943-B2D4-154CC881F643}
	EndGlobalSection
EndGlobal
